{
  "name": "trilium-types",
  "version": "1.0.0",
  "lockfileVersion": 3,
  "requires": true,
  "packages": {
    "": {
      "name": "trilium-types",
      "version": "1.0.0",
      "license": "MIT",
      "dependencies": {
        "@ckeditor/ckeditor5-editor-balloon": "^39.0.1",
        "@types/codemirror": "^5.60.8",
        "@types/jquery": "^3.5.16",
        "@types/xml2js": "^0.4.11",
        "axios": "^1.4.0",
        "dayjs": "^1.11.9"
      },
      "devDependencies": {
        "@types/node": "^20.5.0",
        "typescript": "^5.1.6"
      }
    },
    "node_modules/@ckeditor/ckeditor5-clipboard": {
      "version": "39.0.1",
      "resolved": "https://registry.npmjs.org/@ckeditor/ckeditor5-clipboard/-/ckeditor5-clipboard-39.0.1.tgz",
      "integrity": "sha512-OIlIvsiz6YTZM8o1Y1zG9eW9rUx06Bs3rMbMv37kNN1vq145D9h0OQt0iPKw1eXAG387Sk+SWZhO+Um+/O3eGw==",
      "dependencies": {
        "@ckeditor/ckeditor5-core": "39.0.1",
        "@ckeditor/ckeditor5-engine": "39.0.1",
        "@ckeditor/ckeditor5-ui": "39.0.1",
        "@ckeditor/ckeditor5-utils": "39.0.1",
        "@ckeditor/ckeditor5-widget": "39.0.1",
        "lodash-es": "4.17.21"
      },
      "engines": {
        "node": ">=16.0.0",
        "npm": ">=5.7.1"
      }
    },
    "node_modules/@ckeditor/ckeditor5-core": {
      "version": "39.0.1",
      "resolved": "https://registry.npmjs.org/@ckeditor/ckeditor5-core/-/ckeditor5-core-39.0.1.tgz",
      "integrity": "sha512-3hva3sRdDS2TLDhQNKgnJmpdXhuaod5tooDI/vnaiK+kduqy3nPuWI0qHtFpMhe7dlQWPZSI9ZhS/7cfFQ4CUg==",
      "dependencies": {
        "@ckeditor/ckeditor5-engine": "39.0.1",
        "@ckeditor/ckeditor5-utils": "39.0.1",
        "lodash-es": "4.17.21"
      },
      "engines": {
        "node": ">=16.0.0",
        "npm": ">=5.7.1"
      }
    },
    "node_modules/@ckeditor/ckeditor5-editor-balloon": {
      "version": "39.0.1",
      "resolved": "https://registry.npmjs.org/@ckeditor/ckeditor5-editor-balloon/-/ckeditor5-editor-balloon-39.0.1.tgz",
      "integrity": "sha512-pzhRVk8Vh1HubSmNsVvPQShHN8YsMVcz31O64xEyiuf8mn3sT/PoFogH4q+xziHnO72AOu3JerWIZg8k/Kxb5Q==",
      "dependencies": {
        "ckeditor5": "39.0.1",
        "lodash-es": "4.17.21"
      },
      "engines": {
        "node": ">=16.0.0",
        "npm": ">=5.7.1"
      }
    },
    "node_modules/@ckeditor/ckeditor5-engine": {
      "version": "39.0.1",
      "resolved": "https://registry.npmjs.org/@ckeditor/ckeditor5-engine/-/ckeditor5-engine-39.0.1.tgz",
      "integrity": "sha512-QWyx1vO7+UO3rVIx9o1M7q05ghu1T+E4ugnzlcjLx+TiRLBH280M5RmxZ5gE8HjTSIabGDK1M0kmskL+wl2nDw==",
      "dependencies": {
        "@ckeditor/ckeditor5-utils": "39.0.1",
        "lodash-es": "4.17.21"
      },
      "engines": {
        "node": ">=16.0.0",
        "npm": ">=5.7.1"
      }
    },
    "node_modules/@ckeditor/ckeditor5-enter": {
      "version": "39.0.1",
      "resolved": "https://registry.npmjs.org/@ckeditor/ckeditor5-enter/-/ckeditor5-enter-39.0.1.tgz",
      "integrity": "sha512-4gF0CFbEgZowQGmcyKP9KKBKOk67bdQIP5y71QvDgP6rUdbOQ5NDAS3FKis6a2Aubhtg92BO4QC6tZADPiW3hA==",
      "dependencies": {
        "@ckeditor/ckeditor5-core": "39.0.1",
        "@ckeditor/ckeditor5-engine": "39.0.1",
        "@ckeditor/ckeditor5-utils": "39.0.1"
      },
      "engines": {
        "node": ">=16.0.0",
        "npm": ">=5.7.1"
      }
    },
    "node_modules/@ckeditor/ckeditor5-paragraph": {
      "version": "39.0.1",
      "resolved": "https://registry.npmjs.org/@ckeditor/ckeditor5-paragraph/-/ckeditor5-paragraph-39.0.1.tgz",
      "integrity": "sha512-zKYtpka2X8uR6bTiCXecwl86XKQ8ngk7Hm3UkmptDSfBDOp9PpFCeA3i8m1soFvT2OcdxQYbuAcd9TwoV/HY0g==",
      "dependencies": {
        "@ckeditor/ckeditor5-core": "39.0.1",
        "@ckeditor/ckeditor5-ui": "39.0.1",
        "@ckeditor/ckeditor5-utils": "39.0.1"
      },
      "engines": {
        "node": ">=16.0.0",
        "npm": ">=5.7.1"
      }
    },
    "node_modules/@ckeditor/ckeditor5-select-all": {
      "version": "39.0.1",
      "resolved": "https://registry.npmjs.org/@ckeditor/ckeditor5-select-all/-/ckeditor5-select-all-39.0.1.tgz",
      "integrity": "sha512-Q4BwezfYmZEwODecoxXc2+2UNUkx/Gu5n7jZH/2kKNBVFwb3iVIun9tj5Q1+093FKjmLA46maYsG5HIG6eArTg==",
      "dependencies": {
        "@ckeditor/ckeditor5-core": "39.0.1",
        "@ckeditor/ckeditor5-ui": "39.0.1",
        "@ckeditor/ckeditor5-utils": "39.0.1"
      },
      "engines": {
        "node": ">=16.0.0",
        "npm": ">=5.7.1"
      }
    },
    "node_modules/@ckeditor/ckeditor5-typing": {
      "version": "39.0.1",
      "resolved": "https://registry.npmjs.org/@ckeditor/ckeditor5-typing/-/ckeditor5-typing-39.0.1.tgz",
      "integrity": "sha512-bfMGH3IKj8LdhzfMpfOFUlnCPkpGQhl1HN2oF2g7EViOfuDKM4A2GboUIEqRP2C3tkwtHK5zM55Rdbd71DAQPQ==",
      "dependencies": {
        "@ckeditor/ckeditor5-core": "39.0.1",
        "@ckeditor/ckeditor5-engine": "39.0.1",
        "@ckeditor/ckeditor5-utils": "39.0.1",
        "lodash-es": "4.17.21"
      },
      "engines": {
        "node": ">=16.0.0",
        "npm": ">=5.7.1"
      }
    },
    "node_modules/@ckeditor/ckeditor5-ui": {
      "version": "39.0.1",
      "resolved": "https://registry.npmjs.org/@ckeditor/ckeditor5-ui/-/ckeditor5-ui-39.0.1.tgz",
      "integrity": "sha512-6mBZNfMVSjyNb3HHyjJFwrR2rvmTuH1JSc+ebuulw5knYQmDaeCaS4tiYmOVcGGz/WcrAYRQAtSGrfZmuLesMQ==",
      "dependencies": {
        "@ckeditor/ckeditor5-core": "39.0.1",
        "@ckeditor/ckeditor5-utils": "39.0.1",
        "color-convert": "2.0.1",
        "color-parse": "1.4.2",
        "lodash-es": "4.17.21",
        "vanilla-colorful": "0.7.2"
      },
      "engines": {
        "node": ">=16.0.0",
        "npm": ">=5.7.1"
      }
    },
    "node_modules/@ckeditor/ckeditor5-undo": {
      "version": "39.0.1",
      "resolved": "https://registry.npmjs.org/@ckeditor/ckeditor5-undo/-/ckeditor5-undo-39.0.1.tgz",
      "integrity": "sha512-fgI5zNylzuiT2EitHm9ZVaAXB27JxOmONe51tSe9aUQoUkFLHau0HJfTNpKgHQTEPXMxhUPzH09xvj7QEc94Pg==",
      "dependencies": {
        "@ckeditor/ckeditor5-core": "39.0.1",
        "@ckeditor/ckeditor5-engine": "39.0.1",
        "@ckeditor/ckeditor5-ui": "39.0.1"
      },
      "engines": {
        "node": ">=16.0.0",
        "npm": ">=5.7.1"
      }
    },
    "node_modules/@ckeditor/ckeditor5-upload": {
      "version": "39.0.1",
      "resolved": "https://registry.npmjs.org/@ckeditor/ckeditor5-upload/-/ckeditor5-upload-39.0.1.tgz",
      "integrity": "sha512-VVVWErIHRnw5kw00t8OYLxHDgSE1ywtoy/Zih0GJVxe882jIfajPj7KdZUjylfZuPeQnp1kAIpoe+WX3scvxFQ==",
      "dependencies": {
        "@ckeditor/ckeditor5-core": "39.0.1",
        "@ckeditor/ckeditor5-ui": "39.0.1",
        "@ckeditor/ckeditor5-utils": "39.0.1"
      },
      "engines": {
        "node": ">=16.0.0",
        "npm": ">=5.7.1"
      }
    },
    "node_modules/@ckeditor/ckeditor5-utils": {
      "version": "39.0.1",
      "resolved": "https://registry.npmjs.org/@ckeditor/ckeditor5-utils/-/ckeditor5-utils-39.0.1.tgz",
      "integrity": "sha512-lQ+1h4FgUScEdk547uCzfdvajFigVt4u0mRw1m9TtJ3B2GiatwRvst8TZEuWl8aFrIHjQ/gho66QIElJi/6+CA==",
      "dependencies": {
        "lodash-es": "4.17.21"
      },
      "engines": {
        "node": ">=16.0.0",
        "npm": ">=5.7.1"
      }
    },
    "node_modules/@ckeditor/ckeditor5-watchdog": {
      "version": "39.0.1",
      "resolved": "https://registry.npmjs.org/@ckeditor/ckeditor5-watchdog/-/ckeditor5-watchdog-39.0.1.tgz",
      "integrity": "sha512-f5Uo0RdcbeKGs0gmBm8Y8c+Z9YgcjqX7ai4vdcw8HIEc0vCeEanPt816V53nLZ3LbPgez8LeWluR7VlzoxKO+g==",
      "dependencies": {
        "lodash-es": "4.17.21"
      },
      "engines": {
        "node": ">=16.0.0",
        "npm": ">=5.7.1"
      }
    },
    "node_modules/@ckeditor/ckeditor5-widget": {
      "version": "39.0.1",
      "resolved": "https://registry.npmjs.org/@ckeditor/ckeditor5-widget/-/ckeditor5-widget-39.0.1.tgz",
      "integrity": "sha512-rd4ojJcdZQJttrrDogycDa+sb/rtKu9sU7G0+QEoJZXD25WjxIEgjyOoIqfv2UZZrZDX/0u8dviGhPbcbQEEnw==",
      "dependencies": {
        "@ckeditor/ckeditor5-core": "39.0.1",
        "@ckeditor/ckeditor5-engine": "39.0.1",
        "@ckeditor/ckeditor5-enter": "39.0.1",
        "@ckeditor/ckeditor5-typing": "39.0.1",
        "@ckeditor/ckeditor5-ui": "39.0.1",
        "@ckeditor/ckeditor5-utils": "39.0.1",
        "lodash-es": "4.17.21"
      },
      "engines": {
        "node": ">=16.0.0",
        "npm": ">=5.7.1"
      }
    },
    "node_modules/@types/codemirror": {
      "version": "5.60.8",
      "resolved": "https://registry.npmjs.org/@types/codemirror/-/codemirror-5.60.8.tgz",
      "integrity": "sha512-VjFgDF/eB+Aklcy15TtOTLQeMjTo07k7KAjql8OK5Dirr7a6sJY4T1uVBDuTVG9VEmn1uUsohOpYnVfgC6/jyw==",
      "dependencies": {
        "@types/tern": "*"
      }
    },
    "node_modules/@types/estree": {
      "version": "1.0.1",
      "resolved": "https://registry.npmjs.org/@types/estree/-/estree-1.0.1.tgz",
      "integrity": "sha512-LG4opVs2ANWZ1TJoKc937iMmNstM/d0ae1vNbnBvBhqCSezgVUOzcLCqbI5elV8Vy6WKwKjaqR+zO9VKirBBCA=="
    },
    "node_modules/@types/jquery": {
      "version": "3.5.16",
      "resolved": "https://registry.npmjs.org/@types/jquery/-/jquery-3.5.16.tgz",
      "integrity": "sha512-bsI7y4ZgeMkmpG9OM710RRzDFp+w4P1RGiIt30C1mSBT+ExCleeh4HObwgArnDFELmRrOpXgSYN9VF1hj+f1lw==",
      "dependencies": {
        "@types/sizzle": "*"
      }
    },
    "node_modules/@types/node": {
      "version": "20.5.0",
      "resolved": "https://registry.npmjs.org/@types/node/-/node-20.5.0.tgz",
      "integrity": "sha512-Mgq7eCtoTjT89FqNoTzzXg2XvCi5VMhRV6+I2aYanc6kQCBImeNaAYRs/DyoVqk1YEUJK5gN9VO7HRIdz4Wo3Q=="
    },
    "node_modules/@types/sizzle": {
      "version": "2.3.3",
      "resolved": "https://registry.npmjs.org/@types/sizzle/-/sizzle-2.3.3.tgz",
      "integrity": "sha512-JYM8x9EGF163bEyhdJBpR2QX1R5naCJHC8ucJylJ3w9/CVBaskdQ8WqBf8MmQrd1kRvp/a4TS8HJ+bxzR7ZJYQ=="
    },
    "node_modules/@types/tern": {
      "version": "0.23.4",
      "resolved": "https://registry.npmjs.org/@types/tern/-/tern-0.23.4.tgz",
      "integrity": "sha512-JAUw1iXGO1qaWwEOzxTKJZ/5JxVeON9kvGZ/osgZaJImBnyjyn0cjovPsf6FNLmyGY8Vw9DoXZCMlfMkMwHRWg==",
      "dependencies": {
        "@types/estree": "*"
      }
    },
    "node_modules/@types/xml2js": {
      "version": "0.4.11",
      "resolved": "https://registry.npmjs.org/@types/xml2js/-/xml2js-0.4.11.tgz",
      "integrity": "sha512-JdigeAKmCyoJUiQljjr7tQG3if9NkqGUgwEUqBvV0N7LM4HyQk7UXCnusRa1lnvXAEYJ8mw8GtZWioagNztOwA==",
      "dependencies": {
        "@types/node": "*"
      }
    },
    "node_modules/asynckit": {
      "version": "0.4.0",
      "resolved": "https://registry.npmjs.org/asynckit/-/asynckit-0.4.0.tgz",
      "integrity": "sha512-Oei9OH4tRh0YqU3GxhX79dM/mwVgvbZJaSNaRk+bshkj0S5cfHcgYakreBjrHwatXKbz+IoIdYLxrKim2MjW0Q=="
    },
    "node_modules/axios": {
      "version": "1.4.0",
      "resolved": "https://registry.npmjs.org/axios/-/axios-1.4.0.tgz",
      "integrity": "sha512-S4XCWMEmzvo64T9GfvQDOXgYRDJ/wsSZc7Jvdgx5u1sd0JwsuPLqb3SYmusag+edF6ziyMensPVqLTSc1PiSEA==",
      "dependencies": {
        "follow-redirects": "^1.15.0",
        "form-data": "^4.0.0",
        "proxy-from-env": "^1.1.0"
      }
    },
    "node_modules/ckeditor5": {
      "version": "39.0.1",
      "resolved": "https://registry.npmjs.org/ckeditor5/-/ckeditor5-39.0.1.tgz",
      "integrity": "sha512-KU6P0U9HQdsj7YBNZyG72ii+LNjIuWqxwdhlcd+QN11urQSDzoC6OjnqtDZ2Q3dQvwYf2aN9kDwUA9ElQ1krIg==",
      "dependencies": {
        "@ckeditor/ckeditor5-clipboard": "39.0.1",
        "@ckeditor/ckeditor5-core": "39.0.1",
        "@ckeditor/ckeditor5-engine": "39.0.1",
        "@ckeditor/ckeditor5-enter": "39.0.1",
        "@ckeditor/ckeditor5-paragraph": "39.0.1",
        "@ckeditor/ckeditor5-select-all": "39.0.1",
        "@ckeditor/ckeditor5-typing": "39.0.1",
        "@ckeditor/ckeditor5-ui": "39.0.1",
        "@ckeditor/ckeditor5-undo": "39.0.1",
        "@ckeditor/ckeditor5-upload": "39.0.1",
        "@ckeditor/ckeditor5-utils": "39.0.1",
        "@ckeditor/ckeditor5-watchdog": "39.0.1",
        "@ckeditor/ckeditor5-widget": "39.0.1"
      },
      "engines": {
        "node": ">=16.0.0",
        "npm": ">=5.7.1"
      }
    },
    "node_modules/color-convert": {
      "version": "2.0.1",
      "resolved": "https://registry.npmjs.org/color-convert/-/color-convert-2.0.1.tgz",
      "integrity": "sha512-RRECPsj7iu/xb5oKYcsFHSppFNnsj/52OVTRKb4zP5onXwVF3zVmmToNcOfGC+CRDpfK/U584fMg38ZHCaElKQ==",
      "dependencies": {
        "color-name": "~1.1.4"
      },
      "engines": {
        "node": ">=7.0.0"
      }
    },
    "node_modules/color-name": {
      "version": "1.1.4",
      "resolved": "https://registry.npmjs.org/color-name/-/color-name-1.1.4.tgz",
      "integrity": "sha512-dOy+3AuW3a2wNbZHIuMZpTcgjGuLU/uBL/ubcZF9OXbDo8ff4O8yVp5Bf0efS8uEoYo5q4Fx7dY9OgQGXgAsQA=="
    },
    "node_modules/color-parse": {
      "version": "1.4.2",
      "resolved": "https://registry.npmjs.org/color-parse/-/color-parse-1.4.2.tgz",
      "integrity": "sha512-RI7s49/8yqDj3fECFZjUI1Yi0z/Gq1py43oNJivAIIDSyJiOZLfYCRQEgn8HEVAj++PcRe8AnL2XF0fRJ3BTnA==",
      "dependencies": {
        "color-name": "^1.0.0"
      }
    },
    "node_modules/combined-stream": {
      "version": "1.0.8",
      "resolved": "https://registry.npmjs.org/combined-stream/-/combined-stream-1.0.8.tgz",
      "integrity": "sha512-FQN4MRfuJeHf7cBbBMJFXhKSDq+2kAArBlmRBvcvFE5BB1HZKXtSFASDhdlz9zOYwxh8lDdnvmMOe/+5cdoEdg==",
      "dependencies": {
        "delayed-stream": "~1.0.0"
      },
      "engines": {
        "node": ">= 0.8"
      }
    },
    "node_modules/dayjs": {
      "version": "1.11.9",
      "resolved": "https://registry.npmjs.org/dayjs/-/dayjs-1.11.9.tgz",
      "integrity": "sha512-QvzAURSbQ0pKdIye2txOzNaHmxtUBXerpY0FJsFXUMKbIZeFm5ht1LS/jFsrncjnmtv8HsG0W2g6c0zUjZWmpA=="
    },
    "node_modules/delayed-stream": {
      "version": "1.0.0",
      "resolved": "https://registry.npmjs.org/delayed-stream/-/delayed-stream-1.0.0.tgz",
      "integrity": "sha512-ZySD7Nf91aLB0RxL4KGrKHBXl7Eds1DAmEdcoVawXnLD7SDhpNgtuII2aAkg7a7QS41jxPSZ17p4VdGnMHk3MQ==",
      "engines": {
        "node": ">=0.4.0"
      }
    },
    "node_modules/follow-redirects": {
      "version": "1.15.2",
      "resolved": "https://registry.npmjs.org/follow-redirects/-/follow-redirects-1.15.2.tgz",
      "integrity": "sha512-VQLG33o04KaQ8uYi2tVNbdrWp1QWxNNea+nmIB4EVM28v0hmP17z7aG1+wAkNzVq4KeXTq3221ye5qTJP91JwA==",
      "funding": [
        {
          "type": "individual",
          "url": "https://github.com/sponsors/RubenVerborgh"
        }
      ],
      "engines": {
        "node": ">=4.0"
      },
      "peerDependenciesMeta": {
        "debug": {
          "optional": true
        }
      }
    },
    "node_modules/form-data": {
      "version": "4.0.0",
      "resolved": "https://registry.npmjs.org/form-data/-/form-data-4.0.0.tgz",
      "integrity": "sha512-ETEklSGi5t0QMZuiXoA/Q6vcnxcLQP5vdugSpuAyi6SVGi2clPPp+xgEhuMaHC+zGgn31Kd235W35f7Hykkaww==",
      "dependencies": {
        "asynckit": "^0.4.0",
        "combined-stream": "^1.0.8",
        "mime-types": "^2.1.12"
      },
      "engines": {
        "node": ">= 6"
      }
    },
    "node_modules/lodash-es": {
      "version": "4.17.21",
      "resolved": "https://registry.npmjs.org/lodash-es/-/lodash-es-4.17.21.tgz",
      "integrity": "sha512-mKnC+QJ9pWVzv+C4/U3rRsHapFfHvQFoFB92e52xeyGMcX6/OlIl78je1u8vePzYZSkkogMPJ2yjxxsb89cxyw=="
    },
    "node_modules/mime-db": {
      "version": "1.52.0",
      "resolved": "https://registry.npmjs.org/mime-db/-/mime-db-1.52.0.tgz",
      "integrity": "sha512-sPU4uV7dYlvtWJxwwxHD0PuihVNiE7TyAbQ5SWxDCB9mUYvOgroQOwYQQOKPJ8CIbE+1ETVlOoK1UC2nU3gYvg==",
      "engines": {
        "node": ">= 0.6"
      }
    },
    "node_modules/mime-types": {
      "version": "2.1.35",
      "resolved": "https://registry.npmjs.org/mime-types/-/mime-types-2.1.35.tgz",
      "integrity": "sha512-ZDY+bPm5zTTF+YpCrAU9nK0UgICYPT0QtT1NZWFv4s++TNkcgVaT0g6+4R2uI4MjQjzysHB1zxuWL50hzaeXiw==",
      "dependencies": {
        "mime-db": "1.52.0"
      },
      "engines": {
        "node": ">= 0.6"
      }
    },
    "node_modules/proxy-from-env": {
      "version": "1.1.0",
      "resolved": "https://registry.npmjs.org/proxy-from-env/-/proxy-from-env-1.1.0.tgz",
      "integrity": "sha512-D+zkORCbA9f1tdWRK0RaCR3GPv50cMxcrz4X8k5LTSUD1Dkw47mKJEZQNunItRTkWwgtaUSo1RVFRIG9ZXiFYg=="
    },
    "node_modules/typescript": {
      "version": "5.1.6",
      "resolved": "https://registry.npmjs.org/typescript/-/typescript-5.1.6.tgz",
      "integrity": "sha512-zaWCozRZ6DLEWAWFrVDz1H6FVXzUSfTy5FUMWsQlU8Ym5JP9eO4xkTIROFCQvhQf61z6O/G6ugw3SgAnvvm+HA==",
      "dev": true,
      "bin": {
        "tsc": "bin/tsc",
        "tsserver": "bin/tsserver"
      },
      "engines": {
        "node": ">=14.17"
      }
    },
    "node_modules/vanilla-colorful": {
      "version": "0.7.2",
      "resolved": "https://registry.npmjs.org/vanilla-colorful/-/vanilla-colorful-0.7.2.tgz",
      "integrity": "sha512-z2YZusTFC6KnLERx1cgoIRX2CjPRP0W75N+3CC6gbvdX5Ch47rZkEMGO2Xnf+IEmi3RiFLxS18gayMA27iU7Kg=="
    }
  }
}
